<?xml version="1.0" encoding="utf-8"?>
<Project ToolsVersion="4.0" xmlns="http://schemas.microsoft.com/developer/msbuild/2003">
  <ItemGroup>
    <Filter Include="Source Files">
      <UniqueIdentifier>{4FC737F1-C7A5-4376-A066-2A32D752A2FF}</UniqueIdentifier>
      <Extensions>cpp;c;cc;cxx;def;odl;idl;hpj;bat;asm;asmx</Extensions>
    </Filter>
    <Filter Include="Header Files">
      <UniqueIdentifier>{93995380-89BD-4b04-88EB-625FBE52EBFB}</UniqueIdentifier>
      <Extensions>h;hpp;hxx;hm;inl;inc;xsd</Extensions>
    </Filter>
    <Filter Include="Resource Files">
      <UniqueIdentifier>{67DA6AB6-F800-4c08-8B7A-83BB121AAD01}</UniqueIdentifier>
      <Extensions>rc;ico;cur;bmp;dlg;rc2;rct;bin;rgs;gif;jpg;jpeg;jpe;resx;tiff;tif;png;wav;mfcribbon-ms</Extensions>
    </Filter>
    <Filter Include="Header Files\Display">
      <UniqueIdentifier>{5083c9b1-2e32-443c-9bac-ce8cca3c4793}</UniqueIdentifier>
    </Filter>
    <Filter Include="Source Files\Display">
      <UniqueIdentifier>{b079e7d7-b9bc-440c-896c-924ed8edb15d}</UniqueIdentifier>
    </Filter>
    <Filter Include="Header Files\Utility">
      <UniqueIdentifier>{ff7f63dd-06e7-4ac3-b363-23a8879f9cb4}</UniqueIdentifier>
    </Filter>
    <Filter Include="Source Files\Utility">
      <UniqueIdentifier>{21d612be-f850-46d0-9319-7fa0be9a6961}</UniqueIdentifier>
    </Filter>
    <Filter Include="Source Files\Entity">
      <UniqueIdentifier>{b755604d-fa03-4174-add9-3c7a24bc9d1f}</UniqueIdentifier>
    </Filter>
    <Filter Include="Header Files\Entity">
      <UniqueIdentifier>{9f49fd7b-5077-42b5-9146-b149c75b2bb5}</UniqueIdentifier>
    </Filter>
    <Filter Include="Header Files\Entity\Components">
      <UniqueIdentifier>{fb0a031a-b34b-456c-a46a-84f97c14c3bf}</UniqueIdentifier>
    </Filter>
    <Filter Include="Header Files\Resource">
      <UniqueIdentifier>{48d1ecd0-e992-4cd8-837c-5a9d7ee7279c}</UniqueIdentifier>
    </Filter>
    <Filter Include="Source Files\Resource">
      <UniqueIdentifier>{39159c4b-d260-4fde-9ba1-5b9b6a0643af}</UniqueIdentifier>
    </Filter>
    <Filter Include="Header Files\GameState">
      <UniqueIdentifier>{ac3ecfe1-dba1-4030-a193-6e44cbbba19a}</UniqueIdentifier>
    </Filter>
    <Filter Include="Source Files\GameState">
      <UniqueIdentifier>{ed22c834-1018-4da1-b40b-b61b507950bf}</UniqueIdentifier>
    </Filter>
    <Filter Include="Header Files\Input">
      <UniqueIdentifier>{7d914c2d-867a-4020-bb63-4e8ade772675}</UniqueIdentifier>
    </Filter>
  </ItemGroup>
  <ItemGroup>
    <ClCompile Include="DRON.cpp">
      <Filter>Source Files</Filter>
    </ClCompile>
    <ClCompile Include="App.cpp">
      <Filter>Source Files</Filter>
    </ClCompile>
    <ClCompile Include="Display\BaseWindow.cpp">
      <Filter>Source Files\Display</Filter>
    </ClCompile>
    <ClCompile Include="Display\DisplaySettingsDialog.cpp">
      <Filter>Source Files\Display</Filter>
    </ClCompile>
    <ClCompile Include="Display\MainWindow.cpp">
      <Filter>Source Files\Display</Filter>
    </ClCompile>
    <ClCompile Include="Utility\DXUtil.cpp">
      <Filter>Source Files\Utility</Filter>
    </ClCompile>
    <ClCompile Include="Utility\StringHelper.cpp">
      <Filter>Source Files\Utility</Filter>
    </ClCompile>
    <ClCompile Include="Entity\EntitySystem.cpp">
      <Filter>Source Files\Entity</Filter>
    </ClCompile>
    <ClCompile Include="Display\D3D11Renderer.cpp">
      <Filter>Source Files\Display</Filter>
    </ClCompile>
    <ClCompile Include="GameState\GameState.cpp">
      <Filter>Source Files\GameState</Filter>
    </ClCompile>
    <ClCompile Include="GameState\Menu.cpp">
      <Filter>Source Files\GameState</Filter>
    </ClCompile>
    <ClCompile Include="Resource\MeshManager.cpp">
      <Filter>Source Files\Resource</Filter>
    </ClCompile>
    <ClCompile Include="Resource\PixelShaderManager.cpp">
      <Filter>Source Files\Resource</Filter>
    </ClCompile>
    <ClCompile Include="Resource\VertexShaderLocator.cpp">
      <Filter>Source Files\Resource</Filter>
    </ClCompile>
  </ItemGroup>
  <ItemGroup>
    <ClInclude Include="App.hpp">
      <Filter>Header Files</Filter>
    </ClInclude>
    <ClInclude Include="Display\BaseWindow.hpp">
      <Filter>Header Files\Display</Filter>
    </ClInclude>
    <ClInclude Include="Display\DisplaySettings.hpp">
      <Filter>Header Files\Display</Filter>
    </ClInclude>
    <ClInclude Include="Display\DisplaySettingsDialog.hpp">
      <Filter>Header Files\Display</Filter>
    </ClInclude>
    <ClInclude Include="Display\MainWindow.hpp">
      <Filter>Header Files\Display</Filter>
    </ClInclude>
    <ClInclude Include="Resource.h">
      <Filter>Header Files</Filter>
    </ClInclude>
    <ClInclude Include="Utility\DXUtil.hpp">
      <Filter>Header Files\Utility</Filter>
    </ClInclude>
    <ClInclude Include="targetver.h">
      <Filter>Header Files</Filter>
    </ClInclude>
    <ClInclude Include="Utility\StringHelper.hpp">
      <Filter>Header Files\Utility</Filter>
    </ClInclude>
    <ClInclude Include="Entity\EntitySystem.hpp">
      <Filter>Header Files\Entity</Filter>
    </ClInclude>
    <ClInclude Include="Entity\Components\BaseComponent.hpp">
      <Filter>Header Files\Entity\Components</Filter>
    </ClInclude>
    <ClInclude Include="Entity\Components\CameraComponent.hpp">
      <Filter>Header Files\Entity\Components</Filter>
    </ClInclude>
    <ClInclude Include="Entity\Components\Components.hpp">
      <Filter>Header Files\Entity\Components</Filter>
    </ClInclude>
    <ClInclude Include="Entity\Components\ComponentTypes.hpp">
      <Filter>Header Files\Entity\Components</Filter>
    </ClInclude>
    <ClInclude Include="Entity\Components\RenderableComponent.hpp">
      <Filter>Header Files\Entity\Components</Filter>
    </ClInclude>
    <ClInclude Include="Entity\Components\XformComponent.hpp">
      <Filter>Header Files\Entity\Components</Filter>
    </ClInclude>
    <ClInclude Include="Display\D3D11Renderer.hpp">
      <Filter>Header Files\Display</Filter>
    </ClInclude>
    <ClInclude Include="GameState\GameState.hpp">
      <Filter>Header Files\GameState</Filter>
    </ClInclude>
    <ClInclude Include="GameState\Menu.hpp">
      <Filter>Header Files\GameState</Filter>
    </ClInclude>
    <ClInclude Include="Entity\Components\MovableComponent.hpp">
      <Filter>Header Files\Entity\Components</Filter>
    </ClInclude>
    <ClInclude Include="Resource\ResourceManager.hpp">
      <Filter>Header Files\Resource</Filter>
    </ClInclude>
    <ClInclude Include="Resource\MeshManager.hpp">
      <Filter>Header Files\Resource</Filter>
    </ClInclude>
    <ClInclude Include="Resource\PixelShaderManager.hpp">
      <Filter>Header Files\Resource</Filter>
    </ClInclude>
    <ClInclude Include="Input\ActionConstants.hpp">
      <Filter>Header Files\Input</Filter>
    </ClInclude>
    <ClInclude Include="Input\InputMapper.hpp">
      <Filter>Header Files\Input</Filter>
    </ClInclude>
    <ClInclude Include="Resource\VertexShaderLocator.hpp">
      <Filter>Header Files\Resource</Filter>
    </ClInclude>
  </ItemGroup>
  <ItemGroup>
    <ResourceCompile Include="DRON.rc">
      <Filter>Resource Files</Filter>
    </ResourceCompile>
  </ItemGroup>
</Project>